
Microsoft Visual Studio Solution File, Format Version 12.00
# Visual Studio Version 17
VisualStudioVersion = 17.14.36717.8 d17.14
MinimumVisualStudioVersion = 10.0.40219.1
Project("{FAE04EC0-301F-11D3-BF4B-00C04F79EFBC}") = "BattleOfRecords", "BattleOfRecords\BattleOfRecords.csproj", "{0ED38BA6-8A6F-4A81-AB2C-051CE74EAB72}"
EndProject
Global
	GlobalSection(SolutionConfigurationPlatforms) = preSolution
		Debug|Any CPU = Debug|Any CPU
		Release|Any CPU = Release|Any CPU
	EndGlobalSection
	GlobalSection(ProjectConfigurationPlatforms) = postSolution
		{0ED38BA6-8A6F-4A81-AB2C-051CE74EAB72}.Debug|Any CPU.ActiveCfg = Debug|Any CPU
		{0ED38BA6-8A6F-4A81-AB2C-051CE74EAB72}.Debug|Any CPU.Build.0 = Debug|Any CPU
		{0ED38BA6-8A6F-4A81-AB2C-051CE74EAB72}.Release|Any CPU.ActiveCfg = Release|Any CPU
		{0ED38BA6-8A6F-4A81-AB2C-051CE74EAB72}.Release|Any CPU.Build.0 = Release|Any CPU
	EndGlobalSection
	GlobalSection(SolutionProperties) = preSolution
		HideSolutionNode = FALSE
	EndGlobalSection
	GlobalSection(ExtensibilityGlobals) = postSolution
		SolutionGuid = {53460C98-E10E-4693-9BDD-80CDEA6CC331}
	EndGlobalSection
EndGlobal
